
Microsoft Visual Studio Solution File, Format Version 12.00
# Visual Studio Version 17
VisualStudioVersion = 17.13.35913.81
MinimumVisualStudioVersion = 10.0.40219.1
Project("{FAE04EC0-301F-11D3-BF4B-00C04F79EFBC}") = "Restaurants.API", "Restaurants.API\Restaurants.API.csproj", "{213963AC-002B-438B-9935-E28685DE2248}"
EndProject
Project("{FAE04EC0-301F-11D3-BF4B-00C04F79EFBC}") = "Restaurants.Domain", "Restaurants.Domain\Restaurants.Domain.csproj", "{0B9E6D43-89A5-4756-B2E0-0A256DAD33A9}"
EndProject
Project("{FAE04EC0-301F-11D3-BF4B-00C04F79EFBC}") = "Restaurants.Application", "Restaurants.Application\Restaurants.Application.csproj", "{6190E42E-24C2-44CE-9E87-22E0C8CFA1B9}"
EndProject
Project("{FAE04EC0-301F-11D3-BF4B-00C04F79EFBC}") = "Restaurants.Infrastructure", "Restaurants.Infrastructure\Restaurants.Infrastructure.csproj", "{17B2CEBD-D603-445E-8CA3-954592671053}"
EndProject
Global
	GlobalSection(SolutionConfigurationPlatforms) = preSolution
		Debug|Any CPU = Debug|Any CPU
		Release|Any CPU = Release|Any CPU
	EndGlobalSection
	GlobalSection(ProjectConfigurationPlatforms) = postSolution
		{213963AC-002B-438B-9935-E28685DE2248}.Debug|Any CPU.ActiveCfg = Debug|Any CPU
		{213963AC-002B-438B-9935-E28685DE2248}.Debug|Any CPU.Build.0 = Debug|Any CPU
		{213963AC-002B-438B-9935-E28685DE2248}.Release|Any CPU.ActiveCfg = Release|Any CPU
		{213963AC-002B-438B-9935-E28685DE2248}.Release|Any CPU.Build.0 = Release|Any CPU
		{0B9E6D43-89A5-4756-B2E0-0A256DAD33A9}.Debug|Any CPU.ActiveCfg = Debug|Any CPU
		{0B9E6D43-89A5-4756-B2E0-0A256DAD33A9}.Debug|Any CPU.Build.0 = Debug|Any CPU
		{0B9E6D43-89A5-4756-B2E0-0A256DAD33A9}.Release|Any CPU.ActiveCfg = Release|Any CPU
		{0B9E6D43-89A5-4756-B2E0-0A256DAD33A9}.Release|Any CPU.Build.0 = Release|Any CPU
		{6190E42E-24C2-44CE-9E87-22E0C8CFA1B9}.Debug|Any CPU.ActiveCfg = Debug|Any CPU
		{6190E42E-24C2-44CE-9E87-22E0C8CFA1B9}.Debug|Any CPU.Build.0 = Debug|Any CPU
		{6190E42E-24C2-44CE-9E87-22E0C8CFA1B9}.Release|Any CPU.ActiveCfg = Release|Any CPU
		{6190E42E-24C2-44CE-9E87-22E0C8CFA1B9}.Release|Any CPU.Build.0 = Release|Any CPU
		{17B2CEBD-D603-445E-8CA3-954592671053}.Debug|Any CPU.ActiveCfg = Debug|Any CPU
		{17B2CEBD-D603-445E-8CA3-954592671053}.Debug|Any CPU.Build.0 = Debug|Any CPU
		{17B2CEBD-D603-445E-8CA3-954592671053}.Release|Any CPU.ActiveCfg = Release|Any CPU
		{17B2CEBD-D603-445E-8CA3-954592671053}.Release|Any CPU.Build.0 = Release|Any CPU
	EndGlobalSection
	GlobalSection(SolutionProperties) = preSolution
		HideSolutionNode = FALSE
	EndGlobalSection
	GlobalSection(ExtensibilityGlobals) = postSolution
		SolutionGuid = {E49E9D7D-6899-4561-8BEF-FA044B87DE06}
	EndGlobalSection
EndGlobal
